
Microsoft Visual Studio Solution File, Format Version 12.00
# Visual Studio 2017
Project("{FAE04EC0-301F-11D3-BF4B-00C04F79EFBC}") = "AR Chan", "AR Chan.csproj", "{28B03D56-8C90-508E-3777-B0489573E1F3}"
EndProject
Project("{FAE04EC0-301F-11D3-BF4B-00C04F79EFBC}") = "AR Chan.Editor", "AR Chan.Editor.csproj", "{8791B0F7-1AF8-A30B-7ACD-A7C4585335FB}"
EndProject
Global
	GlobalSection(SolutionConfigurationPlatforms) = preSolution
		Debug|Any CPU = Debug|Any CPU
		Release|Any CPU = Release|Any CPU
	EndGlobalSection
	GlobalSection(ProjectConfigurationPlatforms) = postSolution
		{28B03D56-8C90-508E-3777-B0489573E1F3}.Debug|Any CPU.ActiveCfg = Debug|Any CPU
		{28B03D56-8C90-508E-3777-B0489573E1F3}.Debug|Any CPU.Build.0 = Debug|Any CPU
		{28B03D56-8C90-508E-3777-B0489573E1F3}.Release|Any CPU.ActiveCfg = Release|Any CPU
		{28B03D56-8C90-508E-3777-B0489573E1F3}.Release|Any CPU.Build.0 = Release|Any CPU
		{8791B0F7-1AF8-A30B-7ACD-A7C4585335FB}.Debug|Any CPU.ActiveCfg = Debug|Any CPU
		{8791B0F7-1AF8-A30B-7ACD-A7C4585335FB}.Debug|Any CPU.Build.0 = Debug|Any CPU
		{8791B0F7-1AF8-A30B-7ACD-A7C4585335FB}.Release|Any CPU.ActiveCfg = Release|Any CPU
		{8791B0F7-1AF8-A30B-7ACD-A7C4585335FB}.Release|Any CPU.Build.0 = Release|Any CPU
	EndGlobalSection
	GlobalSection(SolutionProperties) = preSolution
		HideSolutionNode = FALSE
	EndGlobalSection
EndGlobal
